PODS:
  - JPCategory-OC/UIImage (1.2.3)
  - JPCategory-OC/UIView (1.2.3)
  - SDWebImage (5.0.1):
    - SDWebImage/Core (= 5.0.1)
  - SDWebImage/Core (5.0.1)

DEPENDENCIES:
  - JPCategory-OC/UIImage (from `https://github.com/baiyidjp/JPCategory-OC.git`, tag `1.2.3`)
  - JPCategory-OC/UIView (from `https://github.com/baiyidjp/JPCategory-OC.git`, tag `1.2.3`)
  - SDWebImage

SPEC REPOS:
  trunk:
    - SDWebImage

EXTERNAL SOURCES:
  JPCategory-OC:
    :git: https://github.com/baiyidjp/JPCategory-OC.git
    :tag: 1.2.3

CHECKOUT OPTIONS:
  JPCategory-OC:
    :git: https://github.com/baiyidjp/JPCategory-OC.git
    :tag: 1.2.3

SPEC CHECKSUMS:
  JPCategory-OC: d728b7050adfd69971c20681c8a7674bb9c9a44d
  SDWebImage: 27dd2c9ea07a2252f94557c9fbb6105ee94b74c9

PODFILE CHECKSUM: 00a4a31edbe388a4f0a16cb9b70ac2caf04b082a

COCOAPODS: 1.10.0
