PODS:
  - JPCategory-OC/UIImage (1.5.0)
  - JPCategory-OC/UIView (1.5.0)
  - SDWebImage (5.0.1):
    - SDWebImage/Core (= 5.0.1)
  - SDWebImage/Core (5.0.1)

DEPENDENCIES:
  - JPCategory-OC/UIImage (from `https://github.com/baiyidjp/JPCategory-OC.git`, tag `1.5.0`)
  - JPCategory-OC/UIView (from `https://github.com/baiyidjp/JPCategory-OC.git`, tag `1.5.0`)
  - SDWebImage

SPEC REPOS:
  trunk:
    - SDWebImage

EXTERNAL SOURCES:
  JPCategory-OC:
    :git: https://github.com/baiyidjp/JPCategory-OC.git
    :tag: 1.5.0

CHECKOUT OPTIONS:
  JPCategory-OC:
    :git: https://github.com/baiyidjp/JPCategory-OC.git
    :tag: 1.5.0

SPEC CHECKSUMS:
  JPCategory-OC: 6d31f04c7f55fe81cae15c52a85bd79c03f987f8
  SDWebImage: 27dd2c9ea07a2252f94557c9fbb6105ee94b74c9

PODFILE CHECKSUM: 98525d91dafbfa8907908b9394b99a0fcd6fb690

COCOAPODS: 1.10.0
